
Microsoft Visual Studio Solution File, Format Version 12.00
# Visual Studio Version 17
VisualStudioVersion = 17.6.33815.320
MinimumVisualStudioVersion = 10.0.40219.1
Project("{FAE04EC0-301F-11D3-BF4B-00C04F79EFBC}") = "MergeSortAssignment", "MergeSortAssignment\MergeSortAssignment.csproj", "{973508CA-4230-4F60-A408-B72B8F9792C0}"
EndProject
Global
	GlobalSection(SolutionConfigurationPlatforms) = preSolution
		Debug|Any CPU = Debug|Any CPU
		Release|Any CPU = Release|Any CPU
	EndGlobalSection
	GlobalSection(ProjectConfigurationPlatforms) = postSolution
		{973508CA-4230-4F60-A408-B72B8F9792C0}.Debug|Any CPU.ActiveCfg = Debug|Any CPU
		{973508CA-4230-4F60-A408-B72B8F9792C0}.Debug|Any CPU.Build.0 = Debug|Any CPU
		{973508CA-4230-4F60-A408-B72B8F9792C0}.Release|Any CPU.ActiveCfg = Release|Any CPU
		{973508CA-4230-4F60-A408-B72B8F9792C0}.Release|Any CPU.Build.0 = Release|Any CPU
	EndGlobalSection
	GlobalSection(SolutionProperties) = preSolution
		HideSolutionNode = FALSE
	EndGlobalSection
	GlobalSection(ExtensibilityGlobals) = postSolution
		SolutionGuid = {3EE5B213-18F7-4405-94DA-9BCB57241CD7}
	EndGlobalSection
EndGlobal
